
Microsoft Visual Studio Solution File, Format Version 12.00
# Visual Studio Version 17
VisualStudioVersion = 17.6.33829.357
MinimumVisualStudioVersion = 10.0.40219.1
Project("{FAE04EC0-301F-11D3-BF4B-00C04F79EFBC}") = "Csharp_tinhcanchi", "Csharp_tinhcanchi.csproj", "{903A76C2-F9D2-4729-ADD4-0565B1991A12}"
EndProject
Global
	GlobalSection(SolutionConfigurationPlatforms) = preSolution
		Debug|Any CPU = Debug|Any CPU
		Release|Any CPU = Release|Any CPU
	EndGlobalSection
	GlobalSection(ProjectConfigurationPlatforms) = postSolution
		{903A76C2-F9D2-4729-ADD4-0565B1991A12}.Debug|Any CPU.ActiveCfg = Debug|Any CPU
		{903A76C2-F9D2-4729-ADD4-0565B1991A12}.Debug|Any CPU.Build.0 = Debug|Any CPU
		{903A76C2-F9D2-4729-ADD4-0565B1991A12}.Release|Any CPU.ActiveCfg = Release|Any CPU
		{903A76C2-F9D2-4729-ADD4-0565B1991A12}.Release|Any CPU.Build.0 = Release|Any CPU
	EndGlobalSection
	GlobalSection(SolutionProperties) = preSolution
		HideSolutionNode = FALSE
	EndGlobalSection
	GlobalSection(ExtensibilityGlobals) = postSolution
		SolutionGuid = {5BF7AB20-1B1E-4AC5-A6E5-3C8501D22846}
	EndGlobalSection
EndGlobal
